// !$*UTF8*$!
{
	archiveVersion = 1;
	classes = {
	};
	objectVersion = 77;
	objects = {

/* Begin PBXBuildFile section */
		E60CF46D2E406FAE003BEB80 /* FirebaseAuth in Frameworks */ = {isa = PBXBuildFile; productRef = E60CF46C2E406FAE003BEB80 /* FirebaseAuth */; };
		E60CF46F2E406FAE003BEB80 /* FirebaseCore in Frameworks */ = {isa = PBXBuildFile; productRef = E60CF46E2E406FAE003BEB80 /* FirebaseCore */; };
		E60CF4712E406FAE003BEB80 /* FirebaseFirestore in Frameworks */ = {isa = PBXBuildFile; productRef = E60CF4702E406FAE003BEB80 /* FirebaseFirestore */; };
		E6DBF18A2E4E7BB3007E9E04 /* FirebaseAI in Frameworks */ = {isa = PBXBuildFile; productRef = E6DBF1892E4E7BB3007E9E04 /* FirebaseAI */; };
		E6DBF18C2E4E7BB3007E9E04 /* FirebaseAnalytics in Frameworks */ = {isa = PBXBuildFile; productRef = E6DBF18B2E4E7BB3007E9E04 /* FirebaseAnalytics */; };
		E6DBF18E2E4E7BB3007E9E04 /* FirebaseAnalyticsCore in Frameworks */ = {isa = PBXBuildFile; productRef = E6DBF18D2E4E7BB3007E9E04 /* FirebaseAnalyticsCore */; };
		E6DBF1902E4E7BB3007E9E04 /* FirebaseAnalyticsIdentitySupport in Frameworks */ = {isa = PBXBuildFile; productRef = E6DBF18F2E4E7BB3007E9E04 /* FirebaseAnalyticsIdentitySupport */; };
		E6DBF1922E4E7BB3007E9E04 /* FirebaseAppCheck in Frameworks */ = {isa = PBXBuildFile; productRef = E6DBF1912E4E7BB3007E9E04 /* FirebaseAppCheck */; };
/* End PBXBuildFile section */

/* Begin PBXContainerItemProxy section */
		E650F0D52E29F81C00F5AF01 /* PBXContainerItemProxy */ = {
			isa = PBXContainerItemProxy;
			containerPortal = E650F0BF2E29F81900F5AF01 /* Project object */;
			proxyType = 1;
			remoteGlobalIDString = E650F0C62E29F81900F5AF01;
			remoteInfo = "Coala Beta 2.2";
		};
		E650F0DF2E29F81C00F5AF01 /* PBXContainerItemProxy */ = {
			isa = PBXContainerItemProxy;
			containerPortal = E650F0BF2E29F81900F5AF01 /* Project object */;
			proxyType = 1;
			remoteGlobalIDString = E650F0C62E29F81900F5AF01;
			remoteInfo = "Coala Beta 2.2";
		};
/* End PBXContainerItemProxy section */

/* Begin PBXFileReference section */
		E650F0C72E29F81900F5AF01 /* Coala Beta 2.2.app */ = {isa = PBXFileReference; explicitFileType = wrapper.application; includeInIndex = 0; path = "Coala Beta 2.2.app"; sourceTree = BUILT_PRODUCTS_DIR; };
		E650F0D42E29F81C00F5AF01 /* Coala Beta 2.2Tests.xctest */ = {isa = PBXFileReference; explicitFileType = wrapper.cfbundle; includeInIndex = 0; path = "Coala Beta 2.2Tests.xctest"; sourceTree = BUILT_PRODUCTS_DIR; };
		E650F0DE2E29F81C00F5AF01 /* Coala Beta 2.2UITests.xctest */ = {isa = PBXFileReference; explicitFileType = wrapper.cfbundle; includeInIndex = 0; path = "Coala Beta 2.2UITests.xctest"; sourceTree = BUILT_PRODUCTS_DIR; };
/* End PBXFileReference section */

/* Begin PBXFileSystemSynchronizedBuildFileExceptionSet section */
		E60CF4692E406EA5003BEB80 /* Exceptions for "Coala Beta 2.2" folder in "Coala Beta 2.2Tests" target */ = {
			isa = PBXFileSystemSynchronizedBuildFileExceptionSet;
			membershipExceptions = (
				"GoogleService-Info.plist",
			);
			target = E650F0D32E29F81C00F5AF01 /* Coala Beta 2.2Tests */;
		};
		E60CF46A2E406EA5003BEB80 /* Exceptions for "Coala Beta 2.2" folder in "Coala Beta 2.2UITests" target */ = {
			isa = PBXFileSystemSynchronizedBuildFileExceptionSet;
			membershipExceptions = (
				"GoogleService-Info.plist",
			);
			target = E650F0DD2E29F81C00F5AF01 /* Coala Beta 2.2UITests */;
		};
/* End PBXFileSystemSynchronizedBuildFileExceptionSet section */

/* Begin PBXFileSystemSynchronizedRootGroup section */
		E650F0C92E29F81900F5AF01 /* Coala Beta 2.2 */ = {
			isa = PBXFileSystemSynchronizedRootGroup;
			exceptions = (
				E60CF4692E406EA5003BEB80 /* Exceptions for "Coala Beta 2.2" folder in "Coala Beta 2.2Tests" target */,
				E60CF46A2E406EA5003BEB80 /* Exceptions for "Coala Beta 2.2" folder in "Coala Beta 2.2UITests" target */,
			);
			path = "Coala Beta 2.2";
			sourceTree = "<group>";
		};
/* End PBXFileSystemSynchronizedRootGroup section */

/* Begin PBXFrameworksBuildPhase section */
		E650F0C42E29F81900F5AF01 /* Frameworks */ = {
			isa = PBXFrameworksBuildPhase;
			buildActionMask = 2147483647;
			files = (
				E6DBF1922E4E7BB3007E9E04 /* FirebaseAppCheck in Frameworks */,
				E60CF46F2E406FAE003BEB80 /* FirebaseCore in Frameworks */,
				E6DBF18E2E4E7BB3007E9E04 /* FirebaseAnalyticsCore in Frameworks */,
				E6DBF18A2E4E7BB3007E9E04 /* FirebaseAI in Frameworks */,
				E6DBF1902E4E7BB3007E9E04 /* FirebaseAnalyticsIdentitySupport in Frameworks */,
				E60CF46D2E406FAE003BEB80 /* FirebaseAuth in Frameworks */,
				E6DBF18C2E4E7BB3007E9E04 /* FirebaseAnalytics in Frameworks */,
				E60CF4712E406FAE003BEB80 /* FirebaseFirestore in Frameworks */,
			);
			runOnlyForDeploymentPostprocessing = 0;
		};
		E650F0D12E29F81C00F5AF01 /* Frameworks */ = {
			isa = PBXFrameworksBuildPhase;
			buildActionMask = 2147483647;
			files = (
			);
			runOnlyForDeploymentPostprocessing = 0;
		};
		E650F0DB2E29F81C00F5AF01 /* Frameworks */ = {
			isa = PBXFrameworksBuildPhase;
			buildActionMask = 2147483647;
			files = (
			);
			runOnlyForDeploymentPostprocessing = 0;
		};
/* End PBXFrameworksBuildPhase section */

/* Begin PBXGroup section */
		E650F0BE2E29F81900F5AF01 = {
			isa = PBXGroup;
			children = (
				E650F0C92E29F81900F5AF01 /* Coala Beta 2.2 */,
				E650F0C82E29F81900F5AF01 /* Products */,
			);
			sourceTree = "<group>";
		};
		E650F0C82E29F81900F5AF01 /* Products */ = {
			isa = PBXGroup;
			children = (
				E650F0C72E29F81900F5AF01 /* Coala Beta 2.2.app */,
				E650F0D42E29F81C00F5AF01 /* Coala Beta 2.2Tests.xctest */,
				E650F0DE2E29F81C00F5AF01 /* Coala Beta 2.2UITests.xctest */,
			);
			name = Products;
			sourceTree = "<group>";
		};
/* End PBXGroup section */

/* Begin PBXNativeTarget section */
		E650F0C62E29F81900F5AF01 /* Coala Beta 2.2 */ = {
			isa = PBXNativeTarget;
			buildConfigurationList = E650F0E82E29F81C00F5AF01 /* Build configuration list for PBXNativeTarget "Coala Beta 2.2" */;
			buildPhases = (
				E650F0C32E29F81900F5AF01 /* Sources */,
				E650F0C42E29F81900F5AF01 /* Frameworks */,
				E650F0C52E29F81900F5AF01 /* Resources */,
			);
			buildRules = (
			);
			dependencies = (
			);
			fileSystemSynchronizedGroups = (
				E650F0C92E29F81900F5AF01 /* Coala Beta 2.2 */,
			);
			name = "Coala Beta 2.2";
			packageProductDependencies = (
				E60CF46C2E406FAE003BEB80 /* FirebaseAuth */,
				E60CF46E2E406FAE003BEB80 /* FirebaseCore */,
				E60CF4702E406FAE003BEB80 /* FirebaseFirestore */,
				E6DBF1892E4E7BB3007E9E04 /* FirebaseAI */,
				E6DBF18B2E4E7BB3007E9E04 /* FirebaseAnalytics */,
				E6DBF18D2E4E7BB3007E9E04 /* FirebaseAnalyticsCore */,
				E6DBF18F2E4E7BB3007E9E04 /* FirebaseAnalyticsIdentitySupport */,
				E6DBF1912E4E7BB3007E9E04 /* FirebaseAppCheck */,
			);
			productName = "Coala Beta 2.2";
			productReference = E650F0C72E29F81900F5AF01 /* Coala Beta 2.2.app */;
			productType = "com.apple.product-type.application";
		};
		E650F0D32E29F81C00F5AF01 /* Coala Beta 2.2Tests */ = {
			isa = PBXNativeTarget;
			buildConfigurationList = E650F0EB2E29F81C00F5AF01 /* Build configuration list for PBXNativeTarget "Coala Beta 2.2Tests" */;
			buildPhases = (
				E650F0D02E29F81C00F5AF01 /* Sources */,
				E650F0D12E29F81C00F5AF01 /* Frameworks */,
				E650F0D22E29F81C00F5AF01 /* Resources */,
			);
			buildRules = (
			);
			dependencies = (
				E650F0D62E29F81C00F5AF01 /* PBXTargetDependency */,
			);
			name = "Coala Beta 2.2Tests";
			packageProductDependencies = (
			);
			productName = "Coala Beta 2.2Tests";
			productReference = E650F0D42E29F81C00F5AF01 /* Coala Beta 2.2Tests.xctest */;
			productType = "com.apple.product-type.bundle.unit-test";
		};
		E650F0DD2E29F81C00F5AF01 /* Coala Beta 2.2UITests */ = {
			isa = PBXNativeTarget;
			buildConfigurationList = E650F0EE2E29F81C00F5AF01 /* Build configuration list for PBXNativeTarget "Coala Beta 2.2UITests" */;
			buildPhases = (
				E650F0DA2E29F81C00F5AF01 /* Sources */,
				E650F0DB2E29F81C00F5AF01 /* Frameworks */,
				E650F0DC2E29F81C00F5AF01 /* Resources */,
			);
			buildRules = (
			);
			dependencies = (
				E650F0E02E29F81C00F5AF01 /* PBXTargetDependency */,
			);
			name = "Coala Beta 2.2UITests";
			packageProductDependencies = (
			);
			productName = "Coala Beta 2.2UITests";
			productReference = E650F0DE2E29F81C00F5AF01 /* Coala Beta 2.2UITests.xctest */;
			productType = "com.apple.product-type.bundle.ui-testing";
		};
/* End PBXNativeTarget section */

/* Begin PBXProject section */
		E650F0BF2E29F81900F5AF01 /* Project object */ = {
			isa = PBXProject;
			attributes = {
				BuildIndependentTargetsInParallel = 1;
				LastSwiftUpdateCheck = 1640;
				LastUpgradeCheck = 1640;
				TargetAttributes = {
					E650F0C62E29F81900F5AF01 = {
						CreatedOnToolsVersion = 16.4;
						LastSwiftMigration = 1640;
					};
					E650F0D32E29F81C00F5AF01 = {
						CreatedOnToolsVersion = 16.4;
						TestTargetID = E650F0C62E29F81900F5AF01;
					};
					E650F0DD2E29F81C00F5AF01 = {
						CreatedOnToolsVersion = 16.4;
						TestTargetID = E650F0C62E29F81900F5AF01;
					};
				};
			};
			buildConfigurationList = E650F0C22E29F81900F5AF01 /* Build configuration list for PBXProject "Coala Beta 2.2" */;
			developmentRegion = en;
			hasScannedForEncodings = 0;
			knownRegions = (
				en,
				Base,
			);
			mainGroup = E650F0BE2E29F81900F5AF01;
			minimizedProjectReferenceProxies = 1;
			packageReferences = (
				E60CF46B2E406FAE003BEB80 /* XCRemoteSwiftPackageReference "firebase-ios-sdk" */,
			);
			preferredProjectObjectVersion = 77;
			productRefGroup = E650F0C82E29F81900F5AF01 /* Products */;
			projectDirPath = "";
			projectRoot = "";
			targets = (
				E650F0C62E29F81900F5AF01 /* Coala Beta 2.2 */,
				E650F0D32E29F81C00F5AF01 /* Coala Beta 2.2Tests */,
				E650F0DD2E29F81C00F5AF01 /* Coala Beta 2.2UITests */,
			);
		};
/* End PBXProject section */

/* Begin PBXResourcesBuildPhase section */
		E650F0C52E29F81900F5AF01 /* Resources */ = {
			isa = PBXResourcesBuildPhase;
			buildActionMask = 2147483647;
			files = (
			);
			runOnlyForDeploymentPostprocessing = 0;
		};
		E650F0D22E29F81C00F5AF01 /* Resources */ = {
			isa = PBXResourcesBuildPhase;
			buildActionMask = 2147483647;
			files = (
			);
			runOnlyForDeploymentPostprocessing = 0;
		};
		E650F0DC2E29F81C00F5AF01 /* Resources */ = {
			isa = PBXResourcesBuildPhase;
			buildActionMask = 2147483647;
			files = (
			);
			runOnlyForDeploymentPostprocessing = 0;
		};
/* End PBXResourcesBuildPhase section */

/* Begin PBXSourcesBuildPhase section */
		E650F0C32E29F81900F5AF01 /* Sources */ = {
			isa = PBXSourcesBuildPhase;
			buildActionMask = 2147483647;
			files = (
			);
			runOnlyForDeploymentPostprocessing = 0;
		};
		E650F0D02E29F81C00F5AF01 /* Sources */ = {
			isa = PBXSourcesBuildPhase;
			buildActionMask = 2147483647;
			files = (
			);
			runOnlyForDeploymentPostprocessing = 0;
		};
		E650F0DA2E29F81C00F5AF01 /* Sources */ = {
			isa = PBXSourcesBuildPhase;
			buildActionMask = 2147483647;
			files = (
			);
			runOnlyForDeploymentPostprocessing = 0;
		};
/* End PBXSourcesBuildPhase section */

/* Begin PBXTargetDependency section */
		E650F0D62E29F81C00F5AF01 /* PBXTargetDependency */ = {
			isa = PBXTargetDependency;
			target = E650F0C62E29F81900F5AF01 /* Coala Beta 2.2 */;
			targetProxy = E650F0D52E29F81C00F5AF01 /* PBXContainerItemProxy */;
		};
		E650F0E02E29F81C00F5AF01 /* PBXTargetDependency */ = {
			isa = PBXTargetDependency;
			target = E650F0C62E29F81900F5AF01 /* Coala Beta 2.2 */;
			targetProxy = E650F0DF2E29F81C00F5AF01 /* PBXContainerItemProxy */;
		};
/* End PBXTargetDependency section */

/* Begin XCBuildConfiguration section */
		E650F0E62E29F81C00F5AF01 /* Debug */ = {
			isa = XCBuildConfiguration;
			buildSettings = {
				ALWAYS_SEARCH_USER_PATHS = NO;
				ASSETCATALOG_COMPILER_GENERATE_SWIFT_ASSET_SYMBOL_EXTENSIONS = YES;
				CLANG_ANALYZER_NONNULL = YES;
				CLANG_ANALYZER_NUMBER_OBJECT_CONVERSION = YES_AGGRESSIVE;
				CLANG_CXX_LANGUAGE_STANDARD = "gnu++20";
				CLANG_ENABLE_MODULES = YES;
				CLANG_ENABLE_OBJC_ARC = YES;
				CLANG_ENABLE_OBJC_WEAK = YES;
				CLANG_WARN_BLOCK_CAPTURE_AUTORELEASING = YES;
				CLANG_WARN_BOOL_CONVERSION = YES;
				CLANG_WARN_COMMA = YES;
				CLANG_WARN_CONSTANT_CONVERSION = YES;
				CLANG_WARN_DEPRECATED_OBJC_IMPLEMENTATIONS = YES;
				CLANG_WARN_DIRECT_OBJC_ISA_USAGE = YES_ERROR;
				CLANG_WARN_DOCUMENTATION_COMMENTS = YES;
				CLANG_WARN_EMPTY_BODY = YES;
				CLANG_WARN_ENUM_CONVERSION = YES;
				CLANG_WARN_INFINITE_RECURSION = YES;
				CLANG_WARN_INT_CONVERSION = YES;
				CLANG_WARN_NON_LITERAL_NULL_CONVERSION = YES;
				CLANG_WARN_OBJC_IMPLICIT_RETAIN_SELF = YES;
				CLANG_WARN_OBJC_LITERAL_CONVERSION = YES;
				CLANG_WARN_OBJC_ROOT_CLASS = YES_ERROR;
				CLANG_WARN_QUOTED_INCLUDE_IN_FRAMEWORK_HEADER = YES;
				CLANG_WARN_RANGE_LOOP_ANALYSIS = YES;
				CLANG_WARN_STRICT_PROTOTYPES = YES;
				CLANG_WARN_SUSPICIOUS_MOVE = YES;
				CLANG_WARN_UNGUARDED_AVAILABILITY = YES_AGGRESSIVE;
				CLANG_WARN_UNREACHABLE_CODE = YES;
				CLANG_WARN__DUPLICATE_METHOD_MATCH = YES;
				COPY_PHASE_STRIP = NO;
				DEBUG_INFORMATION_FORMAT = dwarf;
				ENABLE_STRICT_OBJC_MSGSEND = YES;
				ENABLE_TESTABILITY = YES;
				ENABLE_USER_SCRIPT_SANDBOXING = YES;
				GCC_C_LANGUAGE_STANDARD = gnu17;
				GCC_DYNAMIC_NO_PIC = NO;
				GCC_NO_COMMON_BLOCKS = YES;
				GCC_OPTIMIZATION_LEVEL = 0;
				GCC_PREPROCESSOR_DEFINITIONS = (
					"DEBUG=1",
					"$(inherited)",
				);
				GCC_WARN_64_TO_32_BIT_CONVERSION = YES;
				GCC_WARN_ABOUT_RETURN_TYPE = YES_ERROR;
				GCC_WARN_UNDECLARED_SELECTOR = YES;
				GCC_WARN_UNINITIALIZED_AUTOS = YES_AGGRESSIVE;
				GCC_WARN_UNUSED_FUNCTION = YES;
				GCC_WARN_UNUSED_VARIABLE = YES;
				IPHONEOS_DEPLOYMENT_TARGET = 18.5;
				LOCALIZATION_PREFERS_STRING_CATALOGS = YES;
				MTL_ENABLE_DEBUG_INFO = INCLUDE_SOURCE;
				MTL_FAST_MATH = YES;
				ONLY_ACTIVE_ARCH = YES;
				SDKROOT = iphoneos;
				SWIFT_ACTIVE_COMPILATION_CONDITIONS = "DEBUG $(inherited)";
				SWIFT_OPTIMIZATION_LEVEL = "-Onone";
			};
			name = Debug;
		};
		E650F0E72E29F81C00F5AF01 /* Release */ = {
			isa = XCBuildConfiguration;
			buildSettings = {
				ALWAYS_SEARCH_USER_PATHS = NO;
				ASSETCATALOG_COMPILER_GENERATE_SWIFT_ASSET_SYMBOL_EXTENSIONS = YES;
				CLANG_ANALYZER_NONNULL = YES;
				CLANG_ANALYZER_NUMBER_OBJECT_CONVERSION = YES_AGGRESSIVE;
				CLANG_CXX_LANGUAGE_STANDARD = "gnu++20";
				CLANG_ENABLE_MODULES = YES;
				CLANG_ENABLE_OBJC_ARC = YES;
				CLANG_ENABLE_OBJC_WEAK = YES;
				CLANG_WARN_BLOCK_CAPTURE_AUTORELEASING = YES;
				CLANG_WARN_BOOL_CONVERSION = YES;
				CLANG_WARN_COMMA = YES;
				CLANG_WARN_CONSTANT_CONVERSION = YES;
				CLANG_WARN_DEPRECATED_OBJC_IMPLEMENTATIONS = YES;
				CLANG_WARN_DIRECT_OBJC_ISA_USAGE = YES_ERROR;
				CLANG_WARN_DOCUMENTATION_COMMENTS = YES;
				CLANG_WARN_EMPTY_BODY = YES;
				CLANG_WARN_ENUM_CONVERSION = YES;
				CLANG_WARN_INFINITE_RECURSION = YES;
				CLANG_WARN_INT_CONVERSION = YES;
				CLANG_WARN_NON_LITERAL_NULL_CONVERSION = YES;
				CLANG_WARN_OBJC_IMPLICIT_RETAIN_SELF = YES;
				CLANG_WARN_OBJC_LITERAL_CONVERSION = YES;
				CLANG_WARN_OBJC_ROOT_CLASS = YES_ERROR;
				CLANG_WARN_QUOTED_INCLUDE_IN_FRAMEWORK_HEADER = YES;
				CLANG_WARN_RANGE_LOOP_ANALYSIS = YES;
				CLANG_WARN_STRICT_PROTOTYPES = YES;
				CLANG_WARN_SUSPICIOUS_MOVE = YES;
				CLANG_WARN_UNGUARDED_AVAILABILITY = YES_AGGRESSIVE;
				CLANG_WARN_UNREACHABLE_CODE = YES;
				CLANG_WARN__DUPLICATE_METHOD_MATCH = YES;
				COPY_PHASE_STRIP = NO;
				DEBUG_INFORMATION_FORMAT = "dwarf-with-dsym";
				ENABLE_NS_ASSERTIONS = NO;
				ENABLE_STRICT_OBJC_MSGSEND = YES;
				ENABLE_USER_SCRIPT_SANDBOXING = YES;
				GCC_C_LANGUAGE_STANDARD = gnu17;
				GCC_NO_COMMON_BLOCKS = YES;
				GCC_WARN_64_TO_32_BIT_CONVERSION = YES;
				GCC_WARN_ABOUT_RETURN_TYPE = YES_ERROR;
				GCC_WARN_UNDECLARED_SELECTOR = YES;
				GCC_WARN_UNINITIALIZED_AUTOS = YES_AGGRESSIVE;
				GCC_WARN_UNUSED_FUNCTION = YES;
				GCC_WARN_UNUSED_VARIABLE = YES;
				IPHONEOS_DEPLOYMENT_TARGET = 18.5;
				LOCALIZATION_PREFERS_STRING_CATALOGS = YES;
				MTL_ENABLE_DEBUG_INFO = NO;
				MTL_FAST_MATH = YES;
				SDKROOT = iphoneos;
				SWIFT_COMPILATION_MODE = wholemodule;
				VALIDATE_PRODUCT = YES;
			};
			name = Release;
		};
		E650F0E92E29F81C00F5AF01 /* Debug */ = {
			isa = XCBuildConfiguration;
			buildSettings = {
				ASSETCATALOG_COMPILER_APPICON_NAME = AppIcon;
				ASSETCATALOG_COMPILER_GLOBAL_ACCENT_COLOR_NAME = AccentColor;
				CLANG_ENABLE_MODULES = YES;
				CODE_SIGN_STYLE = Automatic;
				CURRENT_PROJECT_VERSION = 1;
				DEVELOPMENT_TEAM = K9538J2W7D;
				ENABLE_PREVIEWS = YES;
				GENERATE_INFOPLIST_FILE = YES;
				INFOPLIST_KEY_UIApplicationSceneManifest_Generation = YES;
				INFOPLIST_KEY_UIApplicationSupportsIndirectInputEvents = YES;
				INFOPLIST_KEY_UILaunchScreen_Generation = YES;
				INFOPLIST_KEY_UISupportedInterfaceOrientations_iPad = "UIInterfaceOrientationPortrait UIInterfaceOrientationPortraitUpsideDown UIInterfaceOrientationLandscapeLeft UIInterfaceOrientationLandscapeRight";
				INFOPLIST_KEY_UISupportedInterfaceOrientations_iPhone = "UIInterfaceOrientationPortrait UIInterfaceOrientationLandscapeLeft UIInterfaceOrientationLandscapeRight";
				LD_RUNPATH_SEARCH_PATHS = (
					"$(inherited)",
					"@executable_path/Frameworks",
				);
				MARKETING_VERSION = 1.0;
				PRODUCT_BUNDLE_IDENTIFIER = "App.Coala-Beta-2-2";
				PRODUCT_NAME = "$(TARGET_NAME)";
				SWIFT_EMIT_LOC_STRINGS = YES;
				SWIFT_OPTIMIZATION_LEVEL = "-Onone";
				SWIFT_VERSION = 5.0;
				TARGETED_DEVICE_FAMILY = "1,2";
			};
			name = Debug;
		};
		E650F0EA2E29F81C00F5AF01 /* Release */ = {
			isa = XCBuildConfiguration;
			buildSettings = {
				ASSETCATALOG_COMPILER_APPICON_NAME = AppIcon;
				ASSETCATALOG_COMPILER_GLOBAL_ACCENT_COLOR_NAME = AccentColor;
				CLANG_ENABLE_MODULES = YES;
				CODE_SIGN_STYLE = Automatic;
				CURRENT_PROJECT_VERSION = 1;
				DEVELOPMENT_TEAM = K9538J2W7D;
				ENABLE_PREVIEWS = YES;
				GENERATE_INFOPLIST_FILE = YES;
				INFOPLIST_KEY_UIApplicationSceneManifest_Generation = YES;
				INFOPLIST_KEY_UIApplicationSupportsIndirectInputEvents = YES;
				INFOPLIST_KEY_UILaunchScreen_Generation = YES;
				INFOPLIST_KEY_UISupportedInterfaceOrientations_iPad = "UIInterfaceOrientationPortrait UIInterfaceOrientationPortraitUpsideDown UIInterfaceOrientationLandscapeLeft UIInterfaceOrientationLandscapeRight";
				INFOPLIST_KEY_UISupportedInterfaceOrientations_iPhone = "UIInterfaceOrientationPortrait UIInterfaceOrientationLandscapeLeft UIInterfaceOrientationLandscapeRight";
				LD_RUNPATH_SEARCH_PATHS = (
					"$(inherited)",
					"@executable_path/Frameworks",
				);
				MARKETING_VERSION = 1.0;
				PRODUCT_BUNDLE_IDENTIFIER = "App.Coala-Beta-2-2";
				PRODUCT_NAME = "$(TARGET_NAME)";
				SWIFT_EMIT_LOC_STRINGS = YES;
				SWIFT_VERSION = 5.0;
				TARGETED_DEVICE_FAMILY = "1,2";
			};
			name = Release;
		};
		E650F0EC2E29F81C00F5AF01 /* Debug */ = {
			isa = XCBuildConfiguration;
			buildSettings = {
				BUNDLE_LOADER = "$(TEST_HOST)";
				CODE_SIGN_STYLE = Automatic;
				CURRENT_PROJECT_VERSION = 1;
				GENERATE_INFOPLIST_FILE = YES;
				IPHONEOS_DEPLOYMENT_TARGET = 18.5;
				MARKETING_VERSION = 1.0;
				PRODUCT_BUNDLE_IDENTIFIER = "App.Coala-Beta-2-2Tests";
				PRODUCT_NAME = "$(TARGET_NAME)";
				SWIFT_EMIT_LOC_STRINGS = NO;
				SWIFT_VERSION = 5.0;
				TARGETED_DEVICE_FAMILY = "1,2";
				TEST_HOST = "$(BUILT_PRODUCTS_DIR)/Coala Beta 2.2.app/$(BUNDLE_EXECUTABLE_FOLDER_PATH)/Coala Beta 2.2";
			};
			name = Debug;
		};
		E650F0ED2E29F81C00F5AF01 /* Release */ = {
			isa = XCBuildConfiguration;
			buildSettings = {
				BUNDLE_LOADER = "$(TEST_HOST)";
				CODE_SIGN_STYLE = Automatic;
				CURRENT_PROJECT_VERSION = 1;
				GENERATE_INFOPLIST_FILE = YES;
				IPHONEOS_DEPLOYMENT_TARGET = 18.5;
				MARKETING_VERSION = 1.0;
				PRODUCT_BUNDLE_IDENTIFIER = "App.Coala-Beta-2-2Tests";
				PRODUCT_NAME = "$(TARGET_NAME)";
				SWIFT_EMIT_LOC_STRINGS = NO;
				SWIFT_VERSION = 5.0;
				TARGETED_DEVICE_FAMILY = "1,2";
				TEST_HOST = "$(BUILT_PRODUCTS_DIR)/Coala Beta 2.2.app/$(BUNDLE_EXECUTABLE_FOLDER_PATH)/Coala Beta 2.2";
			};
			name = Release;
		};
		E650F0EF2E29F81C00F5AF01 /* Debug */ = {
			isa = XCBuildConfiguration;
			buildSettings = {
				CODE_SIGN_STYLE = Automatic;
				CURRENT_PROJECT_VERSION = 1;
				GENERATE_INFOPLIST_FILE = YES;
				MARKETING_VERSION = 1.0;
				PRODUCT_BUNDLE_IDENTIFIER = "App.Coala-Beta-2-2UITests";
				PRODUCT_NAME = "$(TARGET_NAME)";
				SWIFT_EMIT_LOC_STRINGS = NO;
				SWIFT_VERSION = 5.0;
				TARGETED_DEVICE_FAMILY = "1,2";
				TEST_TARGET_NAME = "Coala Beta 2.2";
			};
			name = Debug;
		};
		E650F0F02E29F81C00F5AF01 /* Release */ = {
			isa = XCBuildConfiguration;
			buildSettings = {
				CODE_SIGN_STYLE = Automatic;
				CURRENT_PROJECT_VERSION = 1;
				GENERATE_INFOPLIST_FILE = YES;
				MARKETING_VERSION = 1.0;
				PRODUCT_BUNDLE_IDENTIFIER = "App.Coala-Beta-2-2UITests";
				PRODUCT_NAME = "$(TARGET_NAME)";
				SWIFT_EMIT_LOC_STRINGS = NO;
				SWIFT_VERSION = 5.0;
				TARGETED_DEVICE_FAMILY = "1,2";
				TEST_TARGET_NAME = "Coala Beta 2.2";
			};
			name = Release;
		};
/* End XCBuildConfiguration section */

/* Begin XCConfigurationList section */
		E650F0C22E29F81900F5AF01 /* Build configuration list for PBXProject "Coala Beta 2.2" */ = {
			isa = XCConfigurationList;
			buildConfigurations = (
				E650F0E62E29F81C00F5AF01 /* Debug */,
				E650F0E72E29F81C00F5AF01 /* Release */,
			);
			defaultConfigurationIsVisible = 0;
			defaultConfigurationName = Release;
		};
		E650F0E82E29F81C00F5AF01 /* Build configuration list for PBXNativeTarget "Coala Beta 2.2" */ = {
			isa = XCConfigurationList;
			buildConfigurations = (
				E650F0E92E29F81C00F5AF01 /* Debug */,
				E650F0EA2E29F81C00F5AF01 /* Release */,
			);
			defaultConfigurationIsVisible = 0;
			defaultConfigurationName = Release;
		};
		E650F0EB2E29F81C00F5AF01 /* Build configuration list for PBXNativeTarget "Coala Beta 2.2Tests" */ = {
			isa = XCConfigurationList;
			buildConfigurations = (
				E650F0EC2E29F81C00F5AF01 /* Debug */,
				E650F0ED2E29F81C00F5AF01 /* Release */,
			);
			defaultConfigurationIsVisible = 0;
			defaultConfigurationName = Release;
		};
		E650F0EE2E29F81C00F5AF01 /* Build configuration list for PBXNativeTarget "Coala Beta 2.2UITests" */ = {
			isa = XCConfigurationList;
			buildConfigurations = (
				E650F0EF2E29F81C00F5AF01 /* Debug */,
				E650F0F02E29F81C00F5AF01 /* Release */,
			);
			defaultConfigurationIsVisible = 0;
			defaultConfigurationName = Release;
		};
/* End XCConfigurationList section */

/* Begin XCRemoteSwiftPackageReference section */
		E60CF46B2E406FAE003BEB80 /* XCRemoteSwiftPackageReference "firebase-ios-sdk" */ = {
			isa = XCRemoteSwiftPackageReference;
			repositoryURL = "https://github.com/firebase/firebase-ios-sdk";
			requirement = {
				kind = upToNextMajorVersion;
				minimumVersion = 12.0.0;
			};
		};
/* End XCRemoteSwiftPackageReference section */

/* Begin XCSwiftPackageProductDependency section */
		E60CF46C2E406FAE003BEB80 /* FirebaseAuth */ = {
			isa = XCSwiftPackageProductDependency;
			package = E60CF46B2E406FAE003BEB80 /* XCRemoteSwiftPackageReference "firebase-ios-sdk" */;
			productName = FirebaseAuth;
		};
		E60CF46E2E406FAE003BEB80 /* FirebaseCore */ = {
			isa = XCSwiftPackageProductDependency;
			package = E60CF46B2E406FAE003BEB80 /* XCRemoteSwiftPackageReference "firebase-ios-sdk" */;
			productName = FirebaseCore;
		};
		E60CF4702E406FAE003BEB80 /* FirebaseFirestore */ = {
			isa = XCSwiftPackageProductDependency;
			package = E60CF46B2E406FAE003BEB80 /* XCRemoteSwiftPackageReference "firebase-ios-sdk" */;
			productName = FirebaseFirestore;
		};
		E6DBF1892E4E7BB3007E9E04 /* FirebaseAI */ = {
			isa = XCSwiftPackageProductDependency;
			package = E60CF46B2E406FAE003BEB80 /* XCRemoteSwiftPackageReference "firebase-ios-sdk" */;
			productName = FirebaseAI;
		};
		E6DBF18B2E4E7BB3007E9E04 /* FirebaseAnalytics */ = {
			isa = XCSwiftPackageProductDependency;
			package = E60CF46B2E406FAE003BEB80 /* XCRemoteSwiftPackageReference "firebase-ios-sdk" */;
			productName = FirebaseAnalytics;
		};
		E6DBF18D2E4E7BB3007E9E04 /* FirebaseAnalyticsCore */ = {
			isa = XCSwiftPackageProductDependency;
			package = E60CF46B2E406FAE003BEB80 /* XCRemoteSwiftPackageReference "firebase-ios-sdk" */;
			productName = FirebaseAnalyticsCore;
		};
		E6DBF18F2E4E7BB3007E9E04 /* FirebaseAnalyticsIdentitySupport */ = {
			isa = XCSwiftPackageProductDependency;
			package = E60CF46B2E406FAE003BEB80 /* XCRemoteSwiftPackageReference "firebase-ios-sdk" */;
			productName = FirebaseAnalyticsIdentitySupport;
		};
		E6DBF1912E4E7BB3007E9E04 /* FirebaseAppCheck */ = {
			isa = XCSwiftPackageProductDependency;
			package = E60CF46B2E406FAE003BEB80 /* XCRemoteSwiftPackageReference "firebase-ios-sdk" */;
			productName = FirebaseAppCheck;
		};
/* End XCSwiftPackageProductDependency section */
	};
	rootObject = E650F0BF2E29F81900F5AF01 /* Project object */;
}
